{
  "requires": true,
  "lockfileVersion": 1,
  "dependencies": {
    "g": {
      "version": "2.0.1",
      "resolved": "https://registry.npmjs.org/g/-/g-2.0.1.tgz",
      "integrity": "sha1-C1lj69DKcOO8jGdmk0oCGCHIuFc="
    },
    "now": {
      "version": "14.0.3",
      "resolved": "https://registry.npmjs.org/now/-/now-14.0.3.tgz",
      "integrity": "sha512-tBYUe5x4OUL592l5oZRBcX9gFREcfcW9RRZCr2eu+lIHqxmpVQQwf0LG/wpCup+4Zr2+nmyxWixmULlMCZT6ww=="
    }
  }
}
